
Microsoft Visual Studio Solution File, Format Version 12.00
# Visual Studio Version 17
VisualStudioVersion = 17.11.35312.102
MinimumVisualStudioVersion = 10.0.40219.1
Project("{FAE04EC0-301F-11D3-BF4B-00C04F79EFBC}") = "WebApp Tutorial", "WebApp Tutorial\WebApp Tutorial.csproj", "{E9B764FD-2159-45B6-8CFE-A80F255A439E}"
EndProject
Global
	GlobalSection(SolutionConfigurationPlatforms) = preSolution
		Debug|Any CPU = Debug|Any CPU
		Release|Any CPU = Release|Any CPU
	EndGlobalSection
	GlobalSection(ProjectConfigurationPlatforms) = postSolution
		{E9B764FD-2159-45B6-8CFE-A80F255A439E}.Debug|Any CPU.ActiveCfg = Debug|Any CPU
		{E9B764FD-2159-45B6-8CFE-A80F255A439E}.Debug|Any CPU.Build.0 = Debug|Any CPU
		{E9B764FD-2159-45B6-8CFE-A80F255A439E}.Release|Any CPU.ActiveCfg = Release|Any CPU
		{E9B764FD-2159-45B6-8CFE-A80F255A439E}.Release|Any CPU.Build.0 = Release|Any CPU
	EndGlobalSection
	GlobalSection(SolutionProperties) = preSolution
		HideSolutionNode = FALSE
	EndGlobalSection
	GlobalSection(ExtensibilityGlobals) = postSolution
		SolutionGuid = {6D62BE6C-FAEF-4BB9-9155-743D3B748376}
	EndGlobalSection
EndGlobal
